
Microsoft Visual Studio Solution File, Format Version 12.00
# Visual Studio Version 17
VisualStudioVersion = 17.12.35521.163
MinimumVisualStudioVersion = 10.0.40219.1
Project("{2150E333-8FDC-42A3-9474-1A3956D46DE8}") = "__SolutionItems", "__SolutionItems", "{CF48E8EB-5AA5-45E8-8AB7-418077F56E76}"
	ProjectSection(SolutionItems) = preProject
		.editorconfig = .editorconfig
		Directory.Build.props = Directory.Build.props
		LICENSE.txt = LICENSE.txt
		README.md = README.md
	EndProjectSection
EndProject
Project("{2150E333-8FDC-42A3-9474-1A3956D46DE8}") = ".github", ".github", "{F7C9837C-EAE9-4189-8F0C-2F196B81F701}"
EndProject
Project("{2150E333-8FDC-42A3-9474-1A3956D46DE8}") = "workflows", "workflows", "{A860F9D9-9138-424F-9E97-C7A13F922F08}"
	ProjectSection(SolutionItems) = preProject
		.github\workflows\release.yml = .github\workflows\release.yml
	EndProjectSection
EndProject
Project("{2150E333-8FDC-42A3-9474-1A3956D46DE8}") = "src", "src", "{04A4BF42-A7C5-4D83-A137-90D6C3E68A00}"
EndProject
Project("{2150E333-8FDC-42A3-9474-1A3956D46DE8}") = "samples", "samples", "{74B81852-D3A9-49BA-A62F-A653FBB36665}"
EndProject
Project("{FAE04EC0-301F-11D3-BF4B-00C04F79EFBC}") = "ShowcaseWebApi", "samples\ShowcaseWebApi\ShowcaseWebApi.csproj", "{BEF40F6B-9F44-43BD-867B-C3638DC3DC6C}"
EndProject
Project("{FAE04EC0-301F-11D3-BF4B-00C04F79EFBC}") = "BenchmarkWebApi", "samples\BenchmarkWebApi\BenchmarkWebApi.csproj", "{BEE453CA-1ECC-4205-B4E6-D911C10F3155}"
EndProject
Project("{FAE04EC0-301F-11D3-BF4B-00C04F79EFBC}") = "ModEndpoints.Core", "src\ModEndpoints.Core\ModEndpoints.Core.csproj", "{3AE2AB1C-C9CE-4F1D-8D73-2BD13864F0D5}"
EndProject
Project("{FAE04EC0-301F-11D3-BF4B-00C04F79EFBC}") = "ModEndpoints", "src\ModEndpoints\ModEndpoints.csproj", "{0F89CC73-32D4-4347-B284-41804A8A54A9}"
EndProject
Project("{FAE04EC0-301F-11D3-BF4B-00C04F79EFBC}") = "ModEndpoints.RemoteServices.Core", "src\ModEndpoints.RemoteServices.Core\ModEndpoints.RemoteServices.Core.csproj", "{80C3DA6D-EDBE-47A5-BC6B-93BC334BEF67}"
EndProject
Project("{FAE04EC0-301F-11D3-BF4B-00C04F79EFBC}") = "ModEndpoints.RemoteServices", "src\ModEndpoints.RemoteServices\ModEndpoints.RemoteServices.csproj", "{3CDE6A69-09BA-4714-8DCD-D934BA27EBEB}"
EndProject
Project("{FAE04EC0-301F-11D3-BF4B-00C04F79EFBC}") = "ShowcaseWebApi.FeatureContracts", "samples\ShowcaseWebApi.FeatureContracts\ShowcaseWebApi.FeatureContracts.csproj", "{DE3AA974-14C3-402F-93F4-A4A5D3DC0131}"
EndProject
Project("{FAE04EC0-301F-11D3-BF4B-00C04F79EFBC}") = "ServiceEndpointClient", "samples\ServiceEndpointClient\ServiceEndpointClient.csproj", "{286D2D88-E9F9-EB56-64BA-76C95D7ED0D8}"
EndProject
Project("{2150E333-8FDC-42A3-9474-1A3956D46DE8}") = "tests", "tests", "{02EA681E-C7D8-13C7-8484-4AC65E1B71E8}"
EndProject
Project("{FAE04EC0-301F-11D3-BF4B-00C04F79EFBC}") = "ModEndpoints.TestServer", "tests\ModEndpoints.TestServer\ModEndpoints.TestServer.csproj", "{338C85BC-44D4-D6DA-437B-EE2BC45F041A}"
EndProject
Project("{FAE04EC0-301F-11D3-BF4B-00C04F79EFBC}") = "ModEndpoints.Tests", "tests\ModEndpoints.Tests\ModEndpoints.Tests.csproj", "{31B5E39A-9973-1BFE-42E6-485AE83C4910}"
EndProject
Project("{FAE04EC0-301F-11D3-BF4B-00C04F79EFBC}") = "WeatherForecastWebApi", "samples\WeatherForecastWebApi\WeatherForecastWebApi.csproj", "{6789D27E-ECA5-4332-A51C-A68626859465}"
EndProject
Project("{2150E333-8FDC-42A3-9474-1A3956D46DE8}") = "docs", "docs", "{9FD33E1B-163D-48A1-A047-647E879973B6}"
	ProjectSection(SolutionItems) = preProject
		docs\DisablingComponents.md = docs\DisablingComponents.md
		docs\EndpointTypes.md = docs\EndpointTypes.md
		docs\HandlingFiles.md = docs\HandlingFiles.md
		docs\IAsyncEnumerableResponse.md = docs\IAsyncEnumerableResponse.md
		OpenApiDocumentation.md = OpenApiDocumentation.md
		docs\ParameterBinding.md = docs\ParameterBinding.md
		docs\RouteGroups.md = docs\RouteGroups.md
	EndProjectSection
EndProject
Global
	GlobalSection(SolutionConfigurationPlatforms) = preSolution
		Debug|Any CPU = Debug|Any CPU
		Release|Any CPU = Release|Any CPU
	EndGlobalSection
	GlobalSection(ProjectConfigurationPlatforms) = postSolution
		{BEF40F6B-9F44-43BD-867B-C3638DC3DC6C}.Debug|Any CPU.ActiveCfg = Debug|Any CPU
		{BEF40F6B-9F44-43BD-867B-C3638DC3DC6C}.Debug|Any CPU.Build.0 = Debug|Any CPU
		{BEF40F6B-9F44-43BD-867B-C3638DC3DC6C}.Release|Any CPU.ActiveCfg = Release|Any CPU
		{BEF40F6B-9F44-43BD-867B-C3638DC3DC6C}.Release|Any CPU.Build.0 = Release|Any CPU
		{BEE453CA-1ECC-4205-B4E6-D911C10F3155}.Debug|Any CPU.ActiveCfg = Debug|Any CPU
		{BEE453CA-1ECC-4205-B4E6-D911C10F3155}.Debug|Any CPU.Build.0 = Debug|Any CPU
		{BEE453CA-1ECC-4205-B4E6-D911C10F3155}.Release|Any CPU.ActiveCfg = Release|Any CPU
		{BEE453CA-1ECC-4205-B4E6-D911C10F3155}.Release|Any CPU.Build.0 = Release|Any CPU
		{3AE2AB1C-C9CE-4F1D-8D73-2BD13864F0D5}.Debug|Any CPU.ActiveCfg = Debug|Any CPU
		{3AE2AB1C-C9CE-4F1D-8D73-2BD13864F0D5}.Debug|Any CPU.Build.0 = Debug|Any CPU
		{3AE2AB1C-C9CE-4F1D-8D73-2BD13864F0D5}.Release|Any CPU.ActiveCfg = Release|Any CPU
		{3AE2AB1C-C9CE-4F1D-8D73-2BD13864F0D5}.Release|Any CPU.Build.0 = Release|Any CPU
		{0F89CC73-32D4-4347-B284-41804A8A54A9}.Debug|Any CPU.ActiveCfg = Debug|Any CPU
		{0F89CC73-32D4-4347-B284-41804A8A54A9}.Debug|Any CPU.Build.0 = Debug|Any CPU
		{0F89CC73-32D4-4347-B284-41804A8A54A9}.Release|Any CPU.ActiveCfg = Release|Any CPU
		{0F89CC73-32D4-4347-B284-41804A8A54A9}.Release|Any CPU.Build.0 = Release|Any CPU
		{80C3DA6D-EDBE-47A5-BC6B-93BC334BEF67}.Debug|Any CPU.ActiveCfg = Debug|Any CPU
		{80C3DA6D-EDBE-47A5-BC6B-93BC334BEF67}.Debug|Any CPU.Build.0 = Debug|Any CPU
		{80C3DA6D-EDBE-47A5-BC6B-93BC334BEF67}.Release|Any CPU.ActiveCfg = Release|Any CPU
		{80C3DA6D-EDBE-47A5-BC6B-93BC334BEF67}.Release|Any CPU.Build.0 = Release|Any CPU
		{3CDE6A69-09BA-4714-8DCD-D934BA27EBEB}.Debug|Any CPU.ActiveCfg = Debug|Any CPU
		{3CDE6A69-09BA-4714-8DCD-D934BA27EBEB}.Debug|Any CPU.Build.0 = Debug|Any CPU
		{3CDE6A69-09BA-4714-8DCD-D934BA27EBEB}.Release|Any CPU.ActiveCfg = Release|Any CPU
		{3CDE6A69-09BA-4714-8DCD-D934BA27EBEB}.Release|Any CPU.Build.0 = Release|Any CPU
		{DE3AA974-14C3-402F-93F4-A4A5D3DC0131}.Debug|Any CPU.ActiveCfg = Debug|Any CPU
		{DE3AA974-14C3-402F-93F4-A4A5D3DC0131}.Debug|Any CPU.Build.0 = Debug|Any CPU
		{DE3AA974-14C3-402F-93F4-A4A5D3DC0131}.Release|Any CPU.ActiveCfg = Release|Any CPU
		{DE3AA974-14C3-402F-93F4-A4A5D3DC0131}.Release|Any CPU.Build.0 = Release|Any CPU
		{286D2D88-E9F9-EB56-64BA-76C95D7ED0D8}.Debug|Any CPU.ActiveCfg = Debug|Any CPU
		{286D2D88-E9F9-EB56-64BA-76C95D7ED0D8}.Debug|Any CPU.Build.0 = Debug|Any CPU
		{286D2D88-E9F9-EB56-64BA-76C95D7ED0D8}.Release|Any CPU.ActiveCfg = Release|Any CPU
		{286D2D88-E9F9-EB56-64BA-76C95D7ED0D8}.Release|Any CPU.Build.0 = Release|Any CPU
		{338C85BC-44D4-D6DA-437B-EE2BC45F041A}.Debug|Any CPU.ActiveCfg = Debug|Any CPU
		{338C85BC-44D4-D6DA-437B-EE2BC45F041A}.Debug|Any CPU.Build.0 = Debug|Any CPU
		{338C85BC-44D4-D6DA-437B-EE2BC45F041A}.Release|Any CPU.ActiveCfg = Release|Any CPU
		{338C85BC-44D4-D6DA-437B-EE2BC45F041A}.Release|Any CPU.Build.0 = Release|Any CPU
		{31B5E39A-9973-1BFE-42E6-485AE83C4910}.Debug|Any CPU.ActiveCfg = Debug|Any CPU
		{31B5E39A-9973-1BFE-42E6-485AE83C4910}.Debug|Any CPU.Build.0 = Debug|Any CPU
		{31B5E39A-9973-1BFE-42E6-485AE83C4910}.Release|Any CPU.ActiveCfg = Release|Any CPU
		{31B5E39A-9973-1BFE-42E6-485AE83C4910}.Release|Any CPU.Build.0 = Release|Any CPU
		{6789D27E-ECA5-4332-A51C-A68626859465}.Debug|Any CPU.ActiveCfg = Debug|Any CPU
		{6789D27E-ECA5-4332-A51C-A68626859465}.Debug|Any CPU.Build.0 = Debug|Any CPU
		{6789D27E-ECA5-4332-A51C-A68626859465}.Release|Any CPU.ActiveCfg = Release|Any CPU
		{6789D27E-ECA5-4332-A51C-A68626859465}.Release|Any CPU.Build.0 = Release|Any CPU
	EndGlobalSection
	GlobalSection(SolutionProperties) = preSolution
		HideSolutionNode = FALSE
	EndGlobalSection
	GlobalSection(NestedProjects) = preSolution
		{A860F9D9-9138-424F-9E97-C7A13F922F08} = {F7C9837C-EAE9-4189-8F0C-2F196B81F701}
		{BEF40F6B-9F44-43BD-867B-C3638DC3DC6C} = {74B81852-D3A9-49BA-A62F-A653FBB36665}
		{BEE453CA-1ECC-4205-B4E6-D911C10F3155} = {74B81852-D3A9-49BA-A62F-A653FBB36665}
		{3AE2AB1C-C9CE-4F1D-8D73-2BD13864F0D5} = {04A4BF42-A7C5-4D83-A137-90D6C3E68A00}
		{0F89CC73-32D4-4347-B284-41804A8A54A9} = {04A4BF42-A7C5-4D83-A137-90D6C3E68A00}
		{80C3DA6D-EDBE-47A5-BC6B-93BC334BEF67} = {04A4BF42-A7C5-4D83-A137-90D6C3E68A00}
		{3CDE6A69-09BA-4714-8DCD-D934BA27EBEB} = {04A4BF42-A7C5-4D83-A137-90D6C3E68A00}
		{DE3AA974-14C3-402F-93F4-A4A5D3DC0131} = {74B81852-D3A9-49BA-A62F-A653FBB36665}
		{286D2D88-E9F9-EB56-64BA-76C95D7ED0D8} = {74B81852-D3A9-49BA-A62F-A653FBB36665}
		{338C85BC-44D4-D6DA-437B-EE2BC45F041A} = {02EA681E-C7D8-13C7-8484-4AC65E1B71E8}
		{31B5E39A-9973-1BFE-42E6-485AE83C4910} = {02EA681E-C7D8-13C7-8484-4AC65E1B71E8}
		{6789D27E-ECA5-4332-A51C-A68626859465} = {74B81852-D3A9-49BA-A62F-A653FBB36665}
	EndGlobalSection
	GlobalSection(ExtensibilityGlobals) = postSolution
		SolutionGuid = {8AD0451A-6029-4173-B7C5-737D09139323}
	EndGlobalSection
EndGlobal
